
Microsoft Visual Studio Solution File, Format Version 12.00
# Visual Studio Version 16
VisualStudioVersion = 16.0.28922.388
MinimumVisualStudioVersion = 10.0.40219.1
Project("{888888A0-9F3D-457C-B088-3A5042F75D52}") = "learnflask", "learnflask\learnflask.pyproj", "{744DE7E2-29AB-42DA-84CA-0B04CE14BCA4}"
EndProject
Global
	GlobalSection(SolutionConfigurationPlatforms) = preSolution
		Debug|Any CPU = Debug|Any CPU
		Release|Any CPU = Release|Any CPU
	EndGlobalSection
	GlobalSection(ProjectConfigurationPlatforms) = postSolution
		{744DE7E2-29AB-42DA-84CA-0B04CE14BCA4}.Debug|Any CPU.ActiveCfg = Debug|Any CPU
		{744DE7E2-29AB-42DA-84CA-0B04CE14BCA4}.Debug|Any CPU.Build.0 = Debug|Any CPU
		{744DE7E2-29AB-42DA-84CA-0B04CE14BCA4}.Release|Any CPU.ActiveCfg = Release|Any CPU
		{744DE7E2-29AB-42DA-84CA-0B04CE14BCA4}.Release|Any CPU.Build.0 = Release|Any CPU
	EndGlobalSection
	GlobalSection(SolutionProperties) = preSolution
		HideSolutionNode = FALSE
	EndGlobalSection
	GlobalSection(ExtensibilityGlobals) = postSolution
		SolutionGuid = {E611FED1-8B43-44D0-BB86-1E8F4686CFA3}
	EndGlobalSection
EndGlobal
